
Microsoft Visual Studio Solution File, Format Version 12.00
# Visual Studio Version 17
VisualStudioVersion = 17.12.35707.178
MinimumVisualStudioVersion = 10.0.40219.1
Project("{FAE04EC0-301F-11D3-BF4B-00C04F79EFBC}") = "DNIT.WebNews", "DNIT.WebNews\DNIT.WebNews.csproj", "{AD012CB7-D9A1-4169-A8DB-5CAA46168CC5}"
EndProject
Project("{FAE04EC0-301F-11D3-BF4B-00C04F79EFBC}") = "DNIT.Core", "DNIT.Core\DNIT.Core.csproj", "{C20E79D4-E1D1-483F-B3EC-89AD7503EEA1}"
EndProject
Project("{FAE04EC0-301F-11D3-BF4B-00C04F79EFBC}") = "DNIT.Dao", "DNIT.Dao\DNIT.Dao.csproj", "{4FF1E444-E5CE-46AB-B1B3-1332D4A132EE}"
	ProjectSection(ProjectDependencies) = postProject
		{C20E79D4-E1D1-483F-B3EC-89AD7503EEA1} = {C20E79D4-E1D1-483F-B3EC-89AD7503EEA1}
	EndProjectSection
EndProject
Project("{FAE04EC0-301F-11D3-BF4B-00C04F79EFBC}") = "DNIT.WebAPI", "DNIT.WebAPI\DNIT.WebAPI.csproj", "{0D485385-3CBA-4BEE-9DA1-66B36C67D854}"
EndProject
Project("{FAE04EC0-301F-11D3-BF4B-00C04F79EFBC}") = "DNIT.WebNews.Admin", "DNIT.WebNews.Admin\DNIT.WebNews.Admin.csproj", "{0A8FED77-B0FF-4E22-A50E-0C2907FCF4F2}"
EndProject
Global
	GlobalSection(SolutionConfigurationPlatforms) = preSolution
		Debug|Any CPU = Debug|Any CPU
		Release|Any CPU = Release|Any CPU
	EndGlobalSection
	GlobalSection(ProjectConfigurationPlatforms) = postSolution
		{AD012CB7-D9A1-4169-A8DB-5CAA46168CC5}.Debug|Any CPU.ActiveCfg = Debug|Any CPU
		{AD012CB7-D9A1-4169-A8DB-5CAA46168CC5}.Debug|Any CPU.Build.0 = Debug|Any CPU
		{AD012CB7-D9A1-4169-A8DB-5CAA46168CC5}.Release|Any CPU.ActiveCfg = Release|Any CPU
		{AD012CB7-D9A1-4169-A8DB-5CAA46168CC5}.Release|Any CPU.Build.0 = Release|Any CPU
		{C20E79D4-E1D1-483F-B3EC-89AD7503EEA1}.Debug|Any CPU.ActiveCfg = Debug|Any CPU
		{C20E79D4-E1D1-483F-B3EC-89AD7503EEA1}.Debug|Any CPU.Build.0 = Debug|Any CPU
		{C20E79D4-E1D1-483F-B3EC-89AD7503EEA1}.Release|Any CPU.ActiveCfg = Release|Any CPU
		{C20E79D4-E1D1-483F-B3EC-89AD7503EEA1}.Release|Any CPU.Build.0 = Release|Any CPU
		{4FF1E444-E5CE-46AB-B1B3-1332D4A132EE}.Debug|Any CPU.ActiveCfg = Debug|Any CPU
		{4FF1E444-E5CE-46AB-B1B3-1332D4A132EE}.Debug|Any CPU.Build.0 = Debug|Any CPU
		{4FF1E444-E5CE-46AB-B1B3-1332D4A132EE}.Release|Any CPU.ActiveCfg = Release|Any CPU
		{4FF1E444-E5CE-46AB-B1B3-1332D4A132EE}.Release|Any CPU.Build.0 = Release|Any CPU
		{0D485385-3CBA-4BEE-9DA1-66B36C67D854}.Debug|Any CPU.ActiveCfg = Debug|Any CPU
		{0D485385-3CBA-4BEE-9DA1-66B36C67D854}.Debug|Any CPU.Build.0 = Debug|Any CPU
		{0D485385-3CBA-4BEE-9DA1-66B36C67D854}.Release|Any CPU.ActiveCfg = Release|Any CPU
		{0D485385-3CBA-4BEE-9DA1-66B36C67D854}.Release|Any CPU.Build.0 = Release|Any CPU
		{0A8FED77-B0FF-4E22-A50E-0C2907FCF4F2}.Debug|Any CPU.ActiveCfg = Debug|Any CPU
		{0A8FED77-B0FF-4E22-A50E-0C2907FCF4F2}.Debug|Any CPU.Build.0 = Debug|Any CPU
		{0A8FED77-B0FF-4E22-A50E-0C2907FCF4F2}.Release|Any CPU.ActiveCfg = Release|Any CPU
		{0A8FED77-B0FF-4E22-A50E-0C2907FCF4F2}.Release|Any CPU.Build.0 = Release|Any CPU
	EndGlobalSection
	GlobalSection(SolutionProperties) = preSolution
		HideSolutionNode = FALSE
	EndGlobalSection
EndGlobal
